{
  "object": {
    "pins": [
      {
        "package": "Everest",
        "repositoryURL": "https://github.com/Developer-Academy-Mackenzie-2021-2022/Everest",
        "state": {
          "branch": null,
          "revision": "72613aba01cb09c491b7d8f23fcee1fd115d5b9a",
          "version": "1.0.1"
        }
      }
    ]
  },
  "version": 1
}
